
Microsoft Visual Studio Solution File, Format Version 12.00
# Visual Studio 15
VisualStudioVersion = 15.0.28307.1231
MinimumVisualStudioVersion = 10.0.40219.1
Project("{FAE04EC0-301F-11D3-BF4B-00C04F79EFBC}") = "ECOShop", "ECOShop\ECOShop.csproj", "{BCA60A14-629E-45D4-901D-F412D10C63CA}"
EndProject
Global
	GlobalSection(SolutionConfigurationPlatforms) = preSolution
		Debug|Any CPU = Debug|Any CPU
		Release|Any CPU = Release|Any CPU
	EndGlobalSection
	GlobalSection(ProjectConfigurationPlatforms) = postSolution
		{BCA60A14-629E-45D4-901D-F412D10C63CA}.Debug|Any CPU.ActiveCfg = Debug|Any CPU
		{BCA60A14-629E-45D4-901D-F412D10C63CA}.Debug|Any CPU.Build.0 = Debug|Any CPU
		{BCA60A14-629E-45D4-901D-F412D10C63CA}.Release|Any CPU.ActiveCfg = Release|Any CPU
		{BCA60A14-629E-45D4-901D-F412D10C63CA}.Release|Any CPU.Build.0 = Release|Any CPU
	EndGlobalSection
	GlobalSection(SolutionProperties) = preSolution
		HideSolutionNode = FALSE
	EndGlobalSection
	GlobalSection(ExtensibilityGlobals) = postSolution
		SolutionGuid = {9525D2A5-267C-4070-8479-2B1B7F362417}
	EndGlobalSection
EndGlobal
